# This file is automatically @generated by Cargo.
# It is not intended for manual editing.
version = 4

[[package]]
name = "bitflags"
version = "2.9.3"
source = "registry+https://github.com/rust-lang/crates.io-index"
checksum = "34efbcccd345379ca2868b2b2c9d3782e9cc58ba87bc7d79d5b53d9c9ae6f25d"

[[package]]
name = "libc"
version = "0.2.175"
source = "registry+https://github.com/rust-lang/crates.io-index"
checksum = "6a82ae493e598baaea5209805c49bbf2ea7de956d50d7da0da1164f9c6d28543"

[[package]]
name = "regex-rs"
version = "0.1.0"
dependencies = [
 "bitflags",
 "libc",
]
